// !$*UTF8*$!
{
	archiveVersion = 1;
	classes = {
	};
	objectVersion = 46;
	objects = {

/* Begin PBXBuildFile section */
		3FB989BF1CD2BF7B00AFC9AE /* prog15_4.c in Sources */ = {isa = PBXBuildFile; fileRef = 3FB989BE1CD2BF7B00AFC9AE /* prog15_4.c */; };
/* End PBXBuildFile section */

/* Begin PBXCopyFilesBuildPhase section */
		3FB989B91CD2BF7B00AFC9AE /* CopyFiles */ = {
			isa = PBXCopyFilesBuildPhase;
			buildActionMask = 2147483647;
			dstPath = /usr/share/man/man1/;
			dstSubfolderSpec = 0;
			files = (
			);
			runOnlyForDeploymentPostprocessing = 1;
		};
/* End PBXCopyFilesBuildPhase section */

/* Begin PBXFileReference section */
		3FB989BB1CD2BF7B00AFC9AE /* prog15_4 */ = {isa = PBXFileReference; explicitFileType = "compiled.mach-o.executable"; includeInIndex = 0; path = prog15_4; sourceTree = BUILT_PRODUCTS_DIR; };
		3FB989BE1CD2BF7B00AFC9AE /* prog15_4.c */ = {isa = PBXFileReference; lastKnownFileType = sourcecode.c.c; path = prog15_4.c; sourceTree = "<group>"; };
/* End PBXFileReference section */

/* Begin PBXFrameworksBuildPhase section */
		3FB989B81CD2BF7B00AFC9AE /* Frameworks */ = {
			isa = PBXFrameworksBuildPhase;
			buildActionMask = 2147483647;
			files = (
			);
			runOnlyForDeploymentPostprocessing = 0;
		};
/* End PBXFrameworksBuildPhase section */

/* Begin PBXGroup section */
		3FB989B21CD2BF7B00AFC9AE = {
			isa = PBXGroup;
			children = (
				3FB989BD1CD2BF7B00AFC9AE /* prog15_4 */,
				3FB989BC1CD2BF7B00AFC9AE /* Products */,
			);
			sourceTree = "<group>";
		};
		3FB989BC1CD2BF7B00AFC9AE /* Products */ = {
			isa = PBXGroup;
			children = (
				3FB989BB1CD2BF7B00AFC9AE /* prog15_4 */,
			);
			name = Products;
			sourceTree = "<group>";
		};
		3FB989BD1CD2BF7B00AFC9AE /* prog15_4 */ = {
			isa = PBXGroup;
			children = (
				3FB989BE1CD2BF7B00AFC9AE /* prog15_4.c */,
			);
			path = prog15_4;
			sourceTree = "<group>";
		};
/* End PBXGroup section */

/* Begin PBXNativeTarget section */
		3FB989BA1CD2BF7B00AFC9AE /* prog15_4 */ = {
			isa = PBXNativeTarget;
			buildConfigurationList = 3FB989C21CD2BF7B00AFC9AE /* Build configuration list for PBXNativeTarget "prog15_4" */;
			buildPhases = (
				3FB989B71CD2BF7B00AFC9AE /* Sources */,
				3FB989B81CD2BF7B00AFC9AE /* Frameworks */,
				3FB989B91CD2BF7B00AFC9AE /* CopyFiles */,
			);
			buildRules = (
			);
			dependencies = (
			);
			name = prog15_4;
			productName = prog15_4;
			productReference = 3FB989BB1CD2BF7B00AFC9AE /* prog15_4 */;
			productType = "com.apple.product-type.tool";
		};
/* End PBXNativeTarget section */

/* Begin PBXProject section */
		3FB989B31CD2BF7B00AFC9AE /* Project object */ = {
			isa = PBXProject;
			attributes = {
				LastUpgradeCheck = 0730;
				ORGANIZATIONNAME = jtr109;
				TargetAttributes = {
					3FB989BA1CD2BF7B00AFC9AE = {
						CreatedOnToolsVersion = 7.3;
					};
				};
			};
			buildConfigurationList = 3FB989B61CD2BF7B00AFC9AE /* Build configuration list for PBXProject "prog15_4" */;
			compatibilityVersion = "Xcode 3.2";
			developmentRegion = English;
			hasScannedForEncodings = 0;
			knownRegions = (
				en,
			);
			mainGroup = 3FB989B21CD2BF7B00AFC9AE;
			productRefGroup = 3FB989BC1CD2BF7B00AFC9AE /* Products */;
			projectDirPath = "";
			projectRoot = "";
			targets = (
				3FB989BA1CD2BF7B00AFC9AE /* prog15_4 */,
			);
		};
/* End PBXProject section */

/* Begin PBXSourcesBuildPhase section */
		3FB989B71CD2BF7B00AFC9AE /* Sources */ = {
			isa = PBXSourcesBuildPhase;
			buildActionMask = 2147483647;
			files = (
				3FB989BF1CD2BF7B00AFC9AE /* prog15_4.c in Sources */,
			);
			runOnlyForDeploymentPostprocessing = 0;
		};
/* End PBXSourcesBuildPhase section */

/* Begin XCBuildConfiguration section */
		3FB989C01CD2BF7B00AFC9AE /* Debug */ = {
			isa = XCBuildConfiguration;
			buildSettings = {
				ALWAYS_SEARCH_USER_PATHS = NO;
				CLANG_ANALYZER_NONNULL = YES;
				CLANG_CXX_LANGUAGE_STANDARD = "gnu++0x";
				CLANG_CXX_LIBRARY = "libc++";
				CLANG_ENABLE_MODULES = YES;
				CLANG_ENABLE_OBJC_ARC = YES;
				CLANG_WARN_BOOL_CONVERSION = YES;
				CLANG_WARN_CONSTANT_CONVERSION = YES;
				CLANG_WARN_DIRECT_OBJC_ISA_USAGE = YES_ERROR;
				CLANG_WARN_EMPTY_BODY = YES;
				CLANG_WARN_ENUM_CONVERSION = YES;
				CLANG_WARN_INT_CONVERSION = YES;
				CLANG_WARN_OBJC_ROOT_CLASS = YES_ERROR;
				CLANG_WARN_UNREACHABLE_CODE = YES;
				CLANG_WARN__DUPLICATE_METHOD_MATCH = YES;
				CODE_SIGN_IDENTITY = "-";
				COPY_PHASE_STRIP = NO;
				DEBUG_INFORMATION_FORMAT = dwarf;
				ENABLE_STRICT_OBJC_MSGSEND = YES;
				ENABLE_TESTABILITY = YES;
				GCC_C_LANGUAGE_STANDARD = gnu99;
				GCC_DYNAMIC_NO_PIC = NO;
				GCC_NO_COMMON_BLOCKS = YES;
				GCC_OPTIMIZATION_LEVEL = 0;
				GCC_PREPROCESSOR_DEFINITIONS = (
					"DEBUG=1",
					"$(inherited)",
				);
				GCC_WARN_64_TO_32_BIT_CONVERSION = YES;
				GCC_WARN_ABOUT_RETURN_TYPE = YES_ERROR;
				GCC_WARN_UNDECLARED_SELECTOR = YES;
				GCC_WARN_UNINITIALIZED_AUTOS = YES_AGGRESSIVE;
				GCC_WARN_UNUSED_FUNCTION = YES;
				GCC_WARN_UNUSED_VARIABLE = YES;
				MACOSX_DEPLOYMENT_TARGET = 10.11;
				MTL_ENABLE_DEBUG_INFO = YES;
				ONLY_ACTIVE_ARCH = YES;
				SDKROOT = macosx;
			};
			name = Debug;
		};
		3FB989C11CD2BF7B00AFC9AE /* Release */ = {
			isa = XCBuildConfiguration;
			buildSettings = {
				ALWAYS_SEARCH_USER_PATHS = NO;
				CLANG_ANALYZER_NONNULL = YES;
				CLANG_CXX_LANGUAGE_STANDARD = "gnu++0x";
				CLANG_CXX_LIBRARY = "libc++";
				CLANG_ENABLE_MODULES = YES;
				CLANG_ENABLE_OBJC_ARC = YES;
				CLANG_WARN_BOOL_CONVERSION = YES;
				CLANG_WARN_CONSTANT_CONVERSION = YES;
				CLANG_WARN_DIRECT_OBJC_ISA_USAGE = YES_ERROR;
				CLANG_WARN_EMPTY_BODY = YES;
				CLANG_WARN_ENUM_CONVERSION = YES;
				CLANG_WARN_INT_CONVERSION = YES;
				CLANG_WARN_OBJC_ROOT_CLASS = YES_ERROR;
				CLANG_WARN_UNREACHABLE_CODE = YES;
				CLANG_WARN__DUPLICATE_METHOD_MATCH = YES;
				CODE_SIGN_IDENTITY = "-";
				COPY_PHASE_STRIP = NO;
				DEBUG_INFORMATION_FORMAT = "dwarf-with-dsym";
				ENABLE_NS_ASSERTIONS = NO;
				ENABLE_STRICT_OBJC_MSGSEND = YES;
				GCC_C_LANGUAGE_STANDARD = gnu99;
				GCC_NO_COMMON_BLOCKS = YES;
				GCC_WARN_64_TO_32_BIT_CONVERSION = YES;
				GCC_WARN_ABOUT_RETURN_TYPE = YES_ERROR;
				GCC_WARN_UNDECLARED_SELECTOR = YES;
				GCC_WARN_UNINITIALIZED_AUTOS = YES_AGGRESSIVE;
				GCC_WARN_UNUSED_FUNCTION = YES;
				GCC_WARN_UNUSED_VARIABLE = YES;
				MACOSX_DEPLOYMENT_TARGET = 10.11;
				MTL_ENABLE_DEBUG_INFO = NO;
				SDKROOT = macosx;
			};
			name = Release;
		};
		3FB989C31CD2BF7B00AFC9AE /* Debug */ = {
			isa = XCBuildConfiguration;
			buildSettings = {
				PRODUCT_NAME = "$(TARGET_NAME)";
			};
			name = Debug;
		};
		3FB989C41CD2BF7B00AFC9AE /* Release */ = {
			isa = XCBuildConfiguration;
			buildSettings = {
				PRODUCT_NAME = "$(TARGET_NAME)";
			};
			name = Release;
		};
/* End XCBuildConfiguration section */

/* Begin XCConfigurationList section */
		3FB989B61CD2BF7B00AFC9AE /* Build configuration list for PBXProject "prog15_4" */ = {
			isa = XCConfigurationList;
			buildConfigurations = (
				3FB989C01CD2BF7B00AFC9AE /* Debug */,
				3FB989C11CD2BF7B00AFC9AE /* Release */,
			);
			defaultConfigurationIsVisible = 0;
			defaultConfigurationName = Release;
		};
		3FB989C21CD2BF7B00AFC9AE /* Build configuration list for PBXNativeTarget "prog15_4" */ = {
			isa = XCConfigurationList;
			buildConfigurations = (
				3FB989C31CD2BF7B00AFC9AE /* Debug */,
				3FB989C41CD2BF7B00AFC9AE /* Release */,
			);
			defaultConfigurationIsVisible = 0;
		};
/* End XCConfigurationList section */
	};
	rootObject = 3FB989B31CD2BF7B00AFC9AE /* Project object */;
}
